
Microsoft Visual Studio Solution File, Format Version 12.00
# Visual Studio Version 17
VisualStudioVersion = 17.6.33815.320
MinimumVisualStudioVersion = 10.0.40219.1
Project("{FAE04EC0-301F-11D3-BF4B-00C04F79EFBC}") = "Lab07", "Lab07\Lab07.csproj", "{45D0E691-FC7A-4F3C-9630-BFD75078CE39}"
EndProject
Global
	GlobalSection(SolutionConfigurationPlatforms) = preSolution
		Debug|Any CPU = Debug|Any CPU
		Release|Any CPU = Release|Any CPU
	EndGlobalSection
	GlobalSection(ProjectConfigurationPlatforms) = postSolution
		{45D0E691-FC7A-4F3C-9630-BFD75078CE39}.Debug|Any CPU.ActiveCfg = Debug|Any CPU
		{45D0E691-FC7A-4F3C-9630-BFD75078CE39}.Debug|Any CPU.Build.0 = Debug|Any CPU
		{45D0E691-FC7A-4F3C-9630-BFD75078CE39}.Release|Any CPU.ActiveCfg = Release|Any CPU
		{45D0E691-FC7A-4F3C-9630-BFD75078CE39}.Release|Any CPU.Build.0 = Release|Any CPU
	EndGlobalSection
	GlobalSection(SolutionProperties) = preSolution
		HideSolutionNode = FALSE
	EndGlobalSection
	GlobalSection(ExtensibilityGlobals) = postSolution
		SolutionGuid = {2967B85E-666B-4752-B091-A5E31BEDB2FE}
	EndGlobalSection
EndGlobal
