
Microsoft Visual Studio Solution File, Format Version 12.00
# Visual Studio Version 17
VisualStudioVersion = 17.6.33815.320
MinimumVisualStudioVersion = 10.0.40219.1
Project("{FAE04EC0-301F-11D3-BF4B-00C04F79EFBC}") = "Lab04_Validation", "Lab04_Validation\Lab04_Validation.csproj", "{B1BA6882-AD0D-47DF-AC27-7FCD13FA3122}"
EndProject
Global
	GlobalSection(SolutionConfigurationPlatforms) = preSolution
		Debug|Any CPU = Debug|Any CPU
		Release|Any CPU = Release|Any CPU
	EndGlobalSection
	GlobalSection(ProjectConfigurationPlatforms) = postSolution
		{B1BA6882-AD0D-47DF-AC27-7FCD13FA3122}.Debug|Any CPU.ActiveCfg = Debug|Any CPU
		{B1BA6882-AD0D-47DF-AC27-7FCD13FA3122}.Debug|Any CPU.Build.0 = Debug|Any CPU
		{B1BA6882-AD0D-47DF-AC27-7FCD13FA3122}.Release|Any CPU.ActiveCfg = Release|Any CPU
		{B1BA6882-AD0D-47DF-AC27-7FCD13FA3122}.Release|Any CPU.Build.0 = Release|Any CPU
	EndGlobalSection
	GlobalSection(SolutionProperties) = preSolution
		HideSolutionNode = FALSE
	EndGlobalSection
	GlobalSection(ExtensibilityGlobals) = postSolution
		SolutionGuid = {C35AF837-9D2C-4688-A192-0E7DD115AF70}
	EndGlobalSection
EndGlobal
