
Microsoft Visual Studio Solution File, Format Version 12.00
# Visual Studio Version 17
VisualStudioVersion = 17.6.33815.320
MinimumVisualStudioVersion = 10.0.40219.1
Project("{FAE04EC0-301F-11D3-BF4B-00C04F79EFBC}") = "MyTemplate", "MyTemplate\MyTemplate.csproj", "{384BC44A-9DA3-442E-9905-32FEA131E4FE}"
EndProject
Global
	GlobalSection(SolutionConfigurationPlatforms) = preSolution
		Debug|Any CPU = Debug|Any CPU
		Release|Any CPU = Release|Any CPU
	EndGlobalSection
	GlobalSection(ProjectConfigurationPlatforms) = postSolution
		{384BC44A-9DA3-442E-9905-32FEA131E4FE}.Debug|Any CPU.ActiveCfg = Debug|Any CPU
		{384BC44A-9DA3-442E-9905-32FEA131E4FE}.Debug|Any CPU.Build.0 = Debug|Any CPU
		{384BC44A-9DA3-442E-9905-32FEA131E4FE}.Release|Any CPU.ActiveCfg = Release|Any CPU
		{384BC44A-9DA3-442E-9905-32FEA131E4FE}.Release|Any CPU.Build.0 = Release|Any CPU
	EndGlobalSection
	GlobalSection(SolutionProperties) = preSolution
		HideSolutionNode = FALSE
	EndGlobalSection
	GlobalSection(ExtensibilityGlobals) = postSolution
		SolutionGuid = {1891203B-7E63-4EDD-BD0E-F4E524582F97}
	EndGlobalSection
EndGlobal
